
Microsoft Visual Studio Solution File, Format Version 12.00
# Visual Studio Version 16
VisualStudioVersion = 16.0.30225.117
MinimumVisualStudioVersion = 10.0.40219.1
Project("{FAE04EC0-301F-11D3-BF4B-00C04F79EFBC}") = "Xenya", "Xenya.csproj", "{2FDACACE-A613-4529-9F68-B780BCEB6F2E}"
EndProject
Global
	GlobalSection(SolutionConfigurationPlatforms) = preSolution
		Debug|Any CPU = Debug|Any CPU
		Release|Any CPU = Release|Any CPU
	EndGlobalSection
	GlobalSection(ProjectConfigurationPlatforms) = postSolution
		{2FDACACE-A613-4529-9F68-B780BCEB6F2E}.Debug|Any CPU.ActiveCfg = Debug|Any CPU
		{2FDACACE-A613-4529-9F68-B780BCEB6F2E}.Debug|Any CPU.Build.0 = Debug|Any CPU
		{2FDACACE-A613-4529-9F68-B780BCEB6F2E}.Release|Any CPU.ActiveCfg = Release|Any CPU
		{2FDACACE-A613-4529-9F68-B780BCEB6F2E}.Release|Any CPU.Build.0 = Release|Any CPU
	EndGlobalSection
	GlobalSection(SolutionProperties) = preSolution
		HideSolutionNode = FALSE
	EndGlobalSection
	GlobalSection(ExtensibilityGlobals) = postSolution
		SolutionGuid = {FF6EB8CB-AF5E-4997-AD62-842FA18F7ED7}
	EndGlobalSection
EndGlobal
